# This file is autogenerated, do not edit; changes may be undone by the next 'dep ensure'.


[[projects]]
  name = "github.com/dgrijalva/jwt-go"
  packages = [".","request"]
  revision = "dbeaa9332f19a944acb5736b4456cfcc02140e29"
  version = "v3.1.0"

[[projects]]
  branch = "master"
  name = "github.com/normegil/formats"
  packages = ["error","time","url"]
  revision = "d8e35934f96a18da970ae338566f8a58192edd3d"

[[projects]]
  branch = "master"
  name = "github.com/normegil/resterrors"
  packages = ["."]
  revision = "40aa6e89097c43f14ee135015dbb493898f1a9e7"

[[projects]]
  name = "github.com/pkg/errors"
  packages = ["."]
  revision = "645ef00459ed84a119197bfb8d8205042c6df63d"
  version = "v0.8.0"

[solve-meta]
  analyzer-name = "dep"
  analyzer-version = 1
  inputs-digest = "f1d086609901d60c572fc59e62a483600db1f8845dd53b6cfd2c6a45afc2959b"
  solver-name = "gps-cdcl"
  solver-version = 1
